
Microsoft Visual Studio Solution File, Format Version 12.00
# Visual Studio Version 16
VisualStudioVersion = 16.0.30621.155
MinimumVisualStudioVersion = 10.0.40219.1
Project("{FAE04EC0-301F-11D3-BF4B-00C04F79EFBC}") = "PIReplicationTool", "PIReplicationTool.csproj", "{EA78D418-50DE-478A-9E69-522ADF2A6C9D}"
EndProject
Global
	GlobalSection(SolutionConfigurationPlatforms) = preSolution
		Debug|Any CPU = Debug|Any CPU
		Release|Any CPU = Release|Any CPU
	EndGlobalSection
	GlobalSection(ProjectConfigurationPlatforms) = postSolution
		{EA78D418-50DE-478A-9E69-522ADF2A6C9D}.Debug|Any CPU.ActiveCfg = Debug|Any CPU
		{EA78D418-50DE-478A-9E69-522ADF2A6C9D}.Debug|Any CPU.Build.0 = Debug|Any CPU
		{EA78D418-50DE-478A-9E69-522ADF2A6C9D}.Release|Any CPU.ActiveCfg = Release|Any CPU
		{EA78D418-50DE-478A-9E69-522ADF2A6C9D}.Release|Any CPU.Build.0 = Release|Any CPU
	EndGlobalSection
	GlobalSection(SolutionProperties) = preSolution
		HideSolutionNode = FALSE
	EndGlobalSection
	GlobalSection(ExtensibilityGlobals) = postSolution
		SolutionGuid = {F913E330-1585-4D9F-B9AA-760CB3DFC464}
	EndGlobalSection
EndGlobal
